// !$*UTF8*$!
{
	archiveVersion = 1;
	classes = {
	};
	objectVersion = 46;
	objects = {

/* Begin PBXBuildFile section */
		BDD3D0A41D7AC036009AE387 /* AppDelegate.swift in Sources */ = {isa = PBXBuildFile; fileRef = BDD3D0A31D7AC036009AE387 /* AppDelegate.swift */; };
		BDD3D0A61D7AC036009AE387 /* ViewController.swift in Sources */ = {isa = PBXBuildFile; fileRef = BDD3D0A51D7AC036009AE387 /* ViewController.swift */; };
		BDD3D0A91D7AC036009AE387 /* Main.storyboard in Resources */ = {isa = PBXBuildFile; fileRef = BDD3D0A71D7AC036009AE387 /* Main.storyboard */; };
		BDD3D0AB1D7AC036009AE387 /* Assets.xcassets in Resources */ = {isa = PBXBuildFile; fileRef = BDD3D0AA1D7AC036009AE387 /* Assets.xcassets */; };
		BDD3D0AE1D7AC036009AE387 /* LaunchScreen.storyboard in Resources */ = {isa = PBXBuildFile; fileRef = BDD3D0AC1D7AC036009AE387 /* LaunchScreen.storyboard */; };
		BDD3D0B91D7AC036009AE387 /* _2_ChangeFontsTests.swift in Sources */ = {isa = PBXBuildFile; fileRef = BDD3D0B81D7AC036009AE387 /* _2_ChangeFontsTests.swift */; };
		BDD3D0C41D7AC036009AE387 /* _2_ChangeFontsUITests.swift in Sources */ = {isa = PBXBuildFile; fileRef = BDD3D0C31D7AC036009AE387 /* _2_ChangeFontsUITests.swift */; };
/* End PBXBuildFile section */

/* Begin PBXContainerItemProxy section */
		BDD3D0B51D7AC036009AE387 /* PBXContainerItemProxy */ = {
			isa = PBXContainerItemProxy;
			containerPortal = BDD3D0981D7AC036009AE387 /* Project object */;
			proxyType = 1;
			remoteGlobalIDString = BDD3D09F1D7AC036009AE387;
			remoteInfo = "02-ChangeFonts";
		};
		BDD3D0C01D7AC036009AE387 /* PBXContainerItemProxy */ = {
			isa = PBXContainerItemProxy;
			containerPortal = BDD3D0981D7AC036009AE387 /* Project object */;
			proxyType = 1;
			remoteGlobalIDString = BDD3D09F1D7AC036009AE387;
			remoteInfo = "02-ChangeFonts";
		};
/* End PBXContainerItemProxy section */

/* Begin PBXFileReference section */
		BDD3D0A01D7AC036009AE387 /* 02-ChangeFonts.app */ = {isa = PBXFileReference; explicitFileType = wrapper.application; includeInIndex = 0; path = "02-ChangeFonts.app"; sourceTree = BUILT_PRODUCTS_DIR; };
		BDD3D0A31D7AC036009AE387 /* AppDelegate.swift */ = {isa = PBXFileReference; lastKnownFileType = sourcecode.swift; path = AppDelegate.swift; sourceTree = "<group>"; };
		BDD3D0A51D7AC036009AE387 /* ViewController.swift */ = {isa = PBXFileReference; lastKnownFileType = sourcecode.swift; path = ViewController.swift; sourceTree = "<group>"; };
		BDD3D0A81D7AC036009AE387 /* Base */ = {isa = PBXFileReference; lastKnownFileType = file.storyboard; name = Base; path = Base.lproj/Main.storyboard; sourceTree = "<group>"; };
		BDD3D0AA1D7AC036009AE387 /* Assets.xcassets */ = {isa = PBXFileReference; lastKnownFileType = folder.assetcatalog; path = Assets.xcassets; sourceTree = "<group>"; };
		BDD3D0AD1D7AC036009AE387 /* Base */ = {isa = PBXFileReference; lastKnownFileType = file.storyboard; name = Base; path = Base.lproj/LaunchScreen.storyboard; sourceTree = "<group>"; };
		BDD3D0AF1D7AC036009AE387 /* Info.plist */ = {isa = PBXFileReference; lastKnownFileType = text.plist.xml; path = Info.plist; sourceTree = "<group>"; };
		BDD3D0B41D7AC036009AE387 /* 02-ChangeFontsTests.xctest */ = {isa = PBXFileReference; explicitFileType = wrapper.cfbundle; includeInIndex = 0; path = "02-ChangeFontsTests.xctest"; sourceTree = BUILT_PRODUCTS_DIR; };
		BDD3D0B81D7AC036009AE387 /* _2_ChangeFontsTests.swift */ = {isa = PBXFileReference; lastKnownFileType = sourcecode.swift; path = _2_ChangeFontsTests.swift; sourceTree = "<group>"; };
		BDD3D0BA1D7AC036009AE387 /* Info.plist */ = {isa = PBXFileReference; lastKnownFileType = text.plist.xml; path = Info.plist; sourceTree = "<group>"; };
		BDD3D0BF1D7AC036009AE387 /* 02-ChangeFontsUITests.xctest */ = {isa = PBXFileReference; explicitFileType = wrapper.cfbundle; includeInIndex = 0; path = "02-ChangeFontsUITests.xctest"; sourceTree = BUILT_PRODUCTS_DIR; };
		BDD3D0C31D7AC036009AE387 /* _2_ChangeFontsUITests.swift */ = {isa = PBXFileReference; lastKnownFileType = sourcecode.swift; path = _2_ChangeFontsUITests.swift; sourceTree = "<group>"; };
		BDD3D0C51D7AC037009AE387 /* Info.plist */ = {isa = PBXFileReference; lastKnownFileType = text.plist.xml; path = Info.plist; sourceTree = "<group>"; };
/* End PBXFileReference section */

/* Begin PBXFrameworksBuildPhase section */
		BDD3D09D1D7AC036009AE387 /* Frameworks */ = {
			isa = PBXFrameworksBuildPhase;
			buildActionMask = 2147483647;
			files = (
			);
			runOnlyForDeploymentPostprocessing = 0;
		};
		BDD3D0B11D7AC036009AE387 /* Frameworks */ = {
			isa = PBXFrameworksBuildPhase;
			buildActionMask = 2147483647;
			files = (
			);
			runOnlyForDeploymentPostprocessing = 0;
		};
		BDD3D0BC1D7AC036009AE387 /* Frameworks */ = {
			isa = PBXFrameworksBuildPhase;
			buildActionMask = 2147483647;
			files = (
			);
			runOnlyForDeploymentPostprocessing = 0;
		};
/* End PBXFrameworksBuildPhase section */

/* Begin PBXGroup section */
		BDD3D0971D7AC036009AE387 = {
			isa = PBXGroup;
			children = (
				BDD3D0A21D7AC036009AE387 /* 02-ChangeFonts */,
				BDD3D0B71D7AC036009AE387 /* 02-ChangeFontsTests */,
				BDD3D0C21D7AC036009AE387 /* 02-ChangeFontsUITests */,
				BDD3D0A11D7AC036009AE387 /* Products */,
			);
			sourceTree = "<group>";
		};
		BDD3D0A11D7AC036009AE387 /* Products */ = {
			isa = PBXGroup;
			children = (
				BDD3D0A01D7AC036009AE387 /* 02-ChangeFonts.app */,
				BDD3D0B41D7AC036009AE387 /* 02-ChangeFontsTests.xctest */,
				BDD3D0BF1D7AC036009AE387 /* 02-ChangeFontsUITests.xctest */,
			);
			name = Products;
			sourceTree = "<group>";
		};
		BDD3D0A21D7AC036009AE387 /* 02-ChangeFonts */ = {
			isa = PBXGroup;
			children = (
				BDD3D0A31D7AC036009AE387 /* AppDelegate.swift */,
				BDD3D0A51D7AC036009AE387 /* ViewController.swift */,
				BDD3D0A71D7AC036009AE387 /* Main.storyboard */,
				BDD3D0AA1D7AC036009AE387 /* Assets.xcassets */,
				BDD3D0AC1D7AC036009AE387 /* LaunchScreen.storyboard */,
				BDD3D0AF1D7AC036009AE387 /* Info.plist */,
			);
			path = "02-ChangeFonts";
			sourceTree = "<group>";
		};
		BDD3D0B71D7AC036009AE387 /* 02-ChangeFontsTests */ = {
			isa = PBXGroup;
			children = (
				BDD3D0B81D7AC036009AE387 /* _2_ChangeFontsTests.swift */,
				BDD3D0BA1D7AC036009AE387 /* Info.plist */,
			);
			path = "02-ChangeFontsTests";
			sourceTree = "<group>";
		};
		BDD3D0C21D7AC036009AE387 /* 02-ChangeFontsUITests */ = {
			isa = PBXGroup;
			children = (
				BDD3D0C31D7AC036009AE387 /* _2_ChangeFontsUITests.swift */,
				BDD3D0C51D7AC037009AE387 /* Info.plist */,
			);
			path = "02-ChangeFontsUITests";
			sourceTree = "<group>";
		};
/* End PBXGroup section */

/* Begin PBXNativeTarget section */
		BDD3D09F1D7AC036009AE387 /* 02-ChangeFonts */ = {
			isa = PBXNativeTarget;
			buildConfigurationList = BDD3D0C81D7AC037009AE387 /* Build configuration list for PBXNativeTarget "02-ChangeFonts" */;
			buildPhases = (
				BDD3D09C1D7AC036009AE387 /* Sources */,
				BDD3D09D1D7AC036009AE387 /* Frameworks */,
				BDD3D09E1D7AC036009AE387 /* Resources */,
			);
			buildRules = (
			);
			dependencies = (
			);
			name = "02-ChangeFonts";
			productName = "02-ChangeFonts";
			productReference = BDD3D0A01D7AC036009AE387 /* 02-ChangeFonts.app */;
			productType = "com.apple.product-type.application";
		};
		BDD3D0B31D7AC036009AE387 /* 02-ChangeFontsTests */ = {
			isa = PBXNativeTarget;
			buildConfigurationList = BDD3D0CB1D7AC037009AE387 /* Build configuration list for PBXNativeTarget "02-ChangeFontsTests" */;
			buildPhases = (
				BDD3D0B01D7AC036009AE387 /* Sources */,
				BDD3D0B11D7AC036009AE387 /* Frameworks */,
				BDD3D0B21D7AC036009AE387 /* Resources */,
			);
			buildRules = (
			);
			dependencies = (
				BDD3D0B61D7AC036009AE387 /* PBXTargetDependency */,
			);
			name = "02-ChangeFontsTests";
			productName = "02-ChangeFontsTests";
			productReference = BDD3D0B41D7AC036009AE387 /* 02-ChangeFontsTests.xctest */;
			productType = "com.apple.product-type.bundle.unit-test";
		};
		BDD3D0BE1D7AC036009AE387 /* 02-ChangeFontsUITests */ = {
			isa = PBXNativeTarget;
			buildConfigurationList = BDD3D0CE1D7AC037009AE387 /* Build configuration list for PBXNativeTarget "02-ChangeFontsUITests" */;
			buildPhases = (
				BDD3D0BB1D7AC036009AE387 /* Sources */,
				BDD3D0BC1D7AC036009AE387 /* Frameworks */,
				BDD3D0BD1D7AC036009AE387 /* Resources */,
			);
			buildRules = (
			);
			dependencies = (
				BDD3D0C11D7AC036009AE387 /* PBXTargetDependency */,
			);
			name = "02-ChangeFontsUITests";
			productName = "02-ChangeFontsUITests";
			productReference = BDD3D0BF1D7AC036009AE387 /* 02-ChangeFontsUITests.xctest */;
			productType = "com.apple.product-type.bundle.ui-testing";
		};
/* End PBXNativeTarget section */

/* Begin PBXProject section */
		BDD3D0981D7AC036009AE387 /* Project object */ = {
			isa = PBXProject;
			attributes = {
				LastSwiftUpdateCheck = 0720;
				LastUpgradeCheck = 0720;
				ORGANIZATIONNAME = xiaofan;
				TargetAttributes = {
					BDD3D09F1D7AC036009AE387 = {
						CreatedOnToolsVersion = 7.2.1;
					};
					BDD3D0B31D7AC036009AE387 = {
						CreatedOnToolsVersion = 7.2.1;
						TestTargetID = BDD3D09F1D7AC036009AE387;
					};
					BDD3D0BE1D7AC036009AE387 = {
						CreatedOnToolsVersion = 7.2.1;
						TestTargetID = BDD3D09F1D7AC036009AE387;
					};
				};
			};
			buildConfigurationList = BDD3D09B1D7AC036009AE387 /* Build configuration list for PBXProject "02-ChangeFonts" */;
			compatibilityVersion = "Xcode 3.2";
			developmentRegion = English;
			hasScannedForEncodings = 0;
			knownRegions = (
				en,
				Base,
			);
			mainGroup = BDD3D0971D7AC036009AE387;
			productRefGroup = BDD3D0A11D7AC036009AE387 /* Products */;
			projectDirPath = "";
			projectRoot = "";
			targets = (
				BDD3D09F1D7AC036009AE387 /* 02-ChangeFonts */,
				BDD3D0B31D7AC036009AE387 /* 02-ChangeFontsTests */,
				BDD3D0BE1D7AC036009AE387 /* 02-ChangeFontsUITests */,
			);
		};
/* End PBXProject section */

/* Begin PBXResourcesBuildPhase section */
		BDD3D09E1D7AC036009AE387 /* Resources */ = {
			isa = PBXResourcesBuildPhase;
			buildActionMask = 2147483647;
			files = (
				BDD3D0AE1D7AC036009AE387 /* LaunchScreen.storyboard in Resources */,
				BDD3D0AB1D7AC036009AE387 /* Assets.xcassets in Resources */,
				BDD3D0A91D7AC036009AE387 /* Main.storyboard in Resources */,
			);
			runOnlyForDeploymentPostprocessing = 0;
		};
		BDD3D0B21D7AC036009AE387 /* Resources */ = {
			isa = PBXResourcesBuildPhase;
			buildActionMask = 2147483647;
			files = (
			);
			runOnlyForDeploymentPostprocessing = 0;
		};
		BDD3D0BD1D7AC036009AE387 /* Resources */ = {
			isa = PBXResourcesBuildPhase;
			buildActionMask = 2147483647;
			files = (
			);
			runOnlyForDeploymentPostprocessing = 0;
		};
/* End PBXResourcesBuildPhase section */

/* Begin PBXSourcesBuildPhase section */
		BDD3D09C1D7AC036009AE387 /* Sources */ = {
			isa = PBXSourcesBuildPhase;
			buildActionMask = 2147483647;
			files = (
				BDD3D0A61D7AC036009AE387 /* ViewController.swift in Sources */,
				BDD3D0A41D7AC036009AE387 /* AppDelegate.swift in Sources */,
			);
			runOnlyForDeploymentPostprocessing = 0;
		};
		BDD3D0B01D7AC036009AE387 /* Sources */ = {
			isa = PBXSourcesBuildPhase;
			buildActionMask = 2147483647;
			files = (
				BDD3D0B91D7AC036009AE387 /* _2_ChangeFontsTests.swift in Sources */,
			);
			runOnlyForDeploymentPostprocessing = 0;
		};
		BDD3D0BB1D7AC036009AE387 /* Sources */ = {
			isa = PBXSourcesBuildPhase;
			buildActionMask = 2147483647;
			files = (
				BDD3D0C41D7AC036009AE387 /* _2_ChangeFontsUITests.swift in Sources */,
			);
			runOnlyForDeploymentPostprocessing = 0;
		};
/* End PBXSourcesBuildPhase section */

/* Begin PBXTargetDependency section */
		BDD3D0B61D7AC036009AE387 /* PBXTargetDependency */ = {
			isa = PBXTargetDependency;
			target = BDD3D09F1D7AC036009AE387 /* 02-ChangeFonts */;
			targetProxy = BDD3D0B51D7AC036009AE387 /* PBXContainerItemProxy */;
		};
		BDD3D0C11D7AC036009AE387 /* PBXTargetDependency */ = {
			isa = PBXTargetDependency;
			target = BDD3D09F1D7AC036009AE387 /* 02-ChangeFonts */;
			targetProxy = BDD3D0C01D7AC036009AE387 /* PBXContainerItemProxy */;
		};
/* End PBXTargetDependency section */

/* Begin PBXVariantGroup section */
		BDD3D0A71D7AC036009AE387 /* Main.storyboard */ = {
			isa = PBXVariantGroup;
			children = (
				BDD3D0A81D7AC036009AE387 /* Base */,
			);
			name = Main.storyboard;
			sourceTree = "<group>";
		};
		BDD3D0AC1D7AC036009AE387 /* LaunchScreen.storyboard */ = {
			isa = PBXVariantGroup;
			children = (
				BDD3D0AD1D7AC036009AE387 /* Base */,
			);
			name = LaunchScreen.storyboard;
			sourceTree = "<group>";
		};
/* End PBXVariantGroup section */

/* Begin XCBuildConfiguration section */
		BDD3D0C61D7AC037009AE387 /* Debug */ = {
			isa = XCBuildConfiguration;
			buildSettings = {
				ALWAYS_SEARCH_USER_PATHS = NO;
				CLANG_CXX_LANGUAGE_STANDARD = "gnu++0x";
				CLANG_CXX_LIBRARY = "libc++";
				CLANG_ENABLE_MODULES = YES;
				CLANG_ENABLE_OBJC_ARC = YES;
				CLANG_WARN_BOOL_CONVERSION = YES;
				CLANG_WARN_CONSTANT_CONVERSION = YES;
				CLANG_WARN_DIRECT_OBJC_ISA_USAGE = YES_ERROR;
				CLANG_WARN_EMPTY_BODY = YES;
				CLANG_WARN_ENUM_CONVERSION = YES;
				CLANG_WARN_INT_CONVERSION = YES;
				CLANG_WARN_OBJC_ROOT_CLASS = YES_ERROR;
				CLANG_WARN_UNREACHABLE_CODE = YES;
				CLANG_WARN__DUPLICATE_METHOD_MATCH = YES;
				"CODE_SIGN_IDENTITY[sdk=iphoneos*]" = "iPhone Developer";
				COPY_PHASE_STRIP = NO;
				DEBUG_INFORMATION_FORMAT = dwarf;
				ENABLE_STRICT_OBJC_MSGSEND = YES;
				ENABLE_TESTABILITY = YES;
				GCC_C_LANGUAGE_STANDARD = gnu99;
				GCC_DYNAMIC_NO_PIC = NO;
				GCC_NO_COMMON_BLOCKS = YES;
				GCC_OPTIMIZATION_LEVEL = 0;
				GCC_PREPROCESSOR_DEFINITIONS = (
					"DEBUG=1",
					"$(inherited)",
				);
				GCC_WARN_64_TO_32_BIT_CONVERSION = YES;
				GCC_WARN_ABOUT_RETURN_TYPE = YES_ERROR;
				GCC_WARN_UNDECLARED_SELECTOR = YES;
				GCC_WARN_UNINITIALIZED_AUTOS = YES_AGGRESSIVE;
				GCC_WARN_UNUSED_FUNCTION = YES;
				GCC_WARN_UNUSED_VARIABLE = YES;
				IPHONEOS_DEPLOYMENT_TARGET = 9.2;
				MTL_ENABLE_DEBUG_INFO = YES;
				ONLY_ACTIVE_ARCH = YES;
				SDKROOT = iphoneos;
				SWIFT_OPTIMIZATION_LEVEL = "-Onone";
			};
			name = Debug;
		};
		BDD3D0C71D7AC037009AE387 /* Release */ = {
			isa = XCBuildConfiguration;
			buildSettings = {
				ALWAYS_SEARCH_USER_PATHS = NO;
				CLANG_CXX_LANGUAGE_STANDARD = "gnu++0x";
				CLANG_CXX_LIBRARY = "libc++";
				CLANG_ENABLE_MODULES = YES;
				CLANG_ENABLE_OBJC_ARC = YES;
				CLANG_WARN_BOOL_CONVERSION = YES;
				CLANG_WARN_CONSTANT_CONVERSION = YES;
				CLANG_WARN_DIRECT_OBJC_ISA_USAGE = YES_ERROR;
				CLANG_WARN_EMPTY_BODY = YES;
				CLANG_WARN_ENUM_CONVERSION = YES;
				CLANG_WARN_INT_CONVERSION = YES;
				CLANG_WARN_OBJC_ROOT_CLASS = YES_ERROR;
				CLANG_WARN_UNREACHABLE_CODE = YES;
				CLANG_WARN__DUPLICATE_METHOD_MATCH = YES;
				"CODE_SIGN_IDENTITY[sdk=iphoneos*]" = "iPhone Developer";
				COPY_PHASE_STRIP = NO;
				DEBUG_INFORMATION_FORMAT = "dwarf-with-dsym";
				ENABLE_NS_ASSERTIONS = NO;
				ENABLE_STRICT_OBJC_MSGSEND = YES;
				GCC_C_LANGUAGE_STANDARD = gnu99;
				GCC_NO_COMMON_BLOCKS = YES;
				GCC_WARN_64_TO_32_BIT_CONVERSION = YES;
				GCC_WARN_ABOUT_RETURN_TYPE = YES_ERROR;
				GCC_WARN_UNDECLARED_SELECTOR = YES;
				GCC_WARN_UNINITIALIZED_AUTOS = YES_AGGRESSIVE;
				GCC_WARN_UNUSED_FUNCTION = YES;
				GCC_WARN_UNUSED_VARIABLE = YES;
				IPHONEOS_DEPLOYMENT_TARGET = 9.2;
				MTL_ENABLE_DEBUG_INFO = NO;
				SDKROOT = iphoneos;
				VALIDATE_PRODUCT = YES;
			};
			name = Release;
		};
		BDD3D0C91D7AC037009AE387 /* Debug */ = {
			isa = XCBuildConfiguration;
			buildSettings = {
				ASSETCATALOG_COMPILER_APPICON_NAME = AppIcon;
				INFOPLIST_FILE = "02-ChangeFonts/Info.plist";
				LD_RUNPATH_SEARCH_PATHS = "$(inherited) @executable_path/Frameworks";
				PRODUCT_BUNDLE_IDENTIFIER = "com.dvxiaofan.-2-ChangeFonts";
				PRODUCT_NAME = "$(TARGET_NAME)";
			};
			name = Debug;
		};
		BDD3D0CA1D7AC037009AE387 /* Release */ = {
			isa = XCBuildConfiguration;
			buildSettings = {
				ASSETCATALOG_COMPILER_APPICON_NAME = AppIcon;
				INFOPLIST_FILE = "02-ChangeFonts/Info.plist";
				LD_RUNPATH_SEARCH_PATHS = "$(inherited) @executable_path/Frameworks";
				PRODUCT_BUNDLE_IDENTIFIER = "com.dvxiaofan.-2-ChangeFonts";
				PRODUCT_NAME = "$(TARGET_NAME)";
			};
			name = Release;
		};
		BDD3D0CC1D7AC037009AE387 /* Debug */ = {
			isa = XCBuildConfiguration;
			buildSettings = {
				BUNDLE_LOADER = "$(TEST_HOST)";
				INFOPLIST_FILE = "02-ChangeFontsTests/Info.plist";
				LD_RUNPATH_SEARCH_PATHS = "$(inherited) @executable_path/Frameworks @loader_path/Frameworks";
				PRODUCT_BUNDLE_IDENTIFIER = "com.dvxiaofan.-2-ChangeFontsTests";
				PRODUCT_NAME = "$(TARGET_NAME)";
				TEST_HOST = "$(BUILT_PRODUCTS_DIR)/02-ChangeFonts.app/02-ChangeFonts";
			};
			name = Debug;
		};
		BDD3D0CD1D7AC037009AE387 /* Release */ = {
			isa = XCBuildConfiguration;
			buildSettings = {
				BUNDLE_LOADER = "$(TEST_HOST)";
				INFOPLIST_FILE = "02-ChangeFontsTests/Info.plist";
				LD_RUNPATH_SEARCH_PATHS = "$(inherited) @executable_path/Frameworks @loader_path/Frameworks";
				PRODUCT_BUNDLE_IDENTIFIER = "com.dvxiaofan.-2-ChangeFontsTests";
				PRODUCT_NAME = "$(TARGET_NAME)";
				TEST_HOST = "$(BUILT_PRODUCTS_DIR)/02-ChangeFonts.app/02-ChangeFonts";
			};
			name = Release;
		};
		BDD3D0CF1D7AC037009AE387 /* Debug */ = {
			isa = XCBuildConfiguration;
			buildSettings = {
				INFOPLIST_FILE = "02-ChangeFontsUITests/Info.plist";
				LD_RUNPATH_SEARCH_PATHS = "$(inherited) @executable_path/Frameworks @loader_path/Frameworks";
				PRODUCT_BUNDLE_IDENTIFIER = "com.dvxiaofan.-2-ChangeFontsUITests";
				PRODUCT_NAME = "$(TARGET_NAME)";
				TEST_TARGET_NAME = "02-ChangeFonts";
				USES_XCTRUNNER = YES;
			};
			name = Debug;
		};
		BDD3D0D01D7AC037009AE387 /* Release */ = {
			isa = XCBuildConfiguration;
			buildSettings = {
				INFOPLIST_FILE = "02-ChangeFontsUITests/Info.plist";
				LD_RUNPATH_SEARCH_PATHS = "$(inherited) @executable_path/Frameworks @loader_path/Frameworks";
				PRODUCT_BUNDLE_IDENTIFIER = "com.dvxiaofan.-2-ChangeFontsUITests";
				PRODUCT_NAME = "$(TARGET_NAME)";
				TEST_TARGET_NAME = "02-ChangeFonts";
				USES_XCTRUNNER = YES;
			};
			name = Release;
		};
/* End XCBuildConfiguration section */

/* Begin XCConfigurationList section */
		BDD3D09B1D7AC036009AE387 /* Build configuration list for PBXProject "02-ChangeFonts" */ = {
			isa = XCConfigurationList;
			buildConfigurations = (
				BDD3D0C61D7AC037009AE387 /* Debug */,
				BDD3D0C71D7AC037009AE387 /* Release */,
			);
			defaultConfigurationIsVisible = 0;
			defaultConfigurationName = Release;
		};
		BDD3D0C81D7AC037009AE387 /* Build configuration list for PBXNativeTarget "02-ChangeFonts" */ = {
			isa = XCConfigurationList;
			buildConfigurations = (
				BDD3D0C91D7AC037009AE387 /* Debug */,
				BDD3D0CA1D7AC037009AE387 /* Release */,
			);
			defaultConfigurationIsVisible = 0;
		};
		BDD3D0CB1D7AC037009AE387 /* Build configuration list for PBXNativeTarget "02-ChangeFontsTests" */ = {
			isa = XCConfigurationList;
			buildConfigurations = (
				BDD3D0CC1D7AC037009AE387 /* Debug */,
				BDD3D0CD1D7AC037009AE387 /* Release */,
			);
			defaultConfigurationIsVisible = 0;
		};
		BDD3D0CE1D7AC037009AE387 /* Build configuration list for PBXNativeTarget "02-ChangeFontsUITests" */ = {
			isa = XCConfigurationList;
			buildConfigurations = (
				BDD3D0CF1D7AC037009AE387 /* Debug */,
				BDD3D0D01D7AC037009AE387 /* Release */,
			);
			defaultConfigurationIsVisible = 0;
		};
/* End XCConfigurationList section */
	};
	rootObject = BDD3D0981D7AC036009AE387 /* Project object */;
}
