// !$*UTF8*$!
{
	archiveVersion = 1;
	classes = {
	};
	objectVersion = 46;
	objects = {

/* Begin PBXBuildFile section */
		BDD3D0DE1D7ACF5D009AE387 /* AppDelegate.swift in Sources */ = {isa = PBXBuildFile; fileRef = BDD3D0DD1D7ACF5D009AE387 /* AppDelegate.swift */; };
		BDD3D0E01D7ACF5D009AE387 /* ViewController.swift in Sources */ = {isa = PBXBuildFile; fileRef = BDD3D0DF1D7ACF5D009AE387 /* ViewController.swift */; };
		BDD3D0E31D7ACF5D009AE387 /* Main.storyboard in Resources */ = {isa = PBXBuildFile; fileRef = BDD3D0E11D7ACF5D009AE387 /* Main.storyboard */; };
		BDD3D0E51D7ACF5D009AE387 /* Assets.xcassets in Resources */ = {isa = PBXBuildFile; fileRef = BDD3D0E41D7ACF5D009AE387 /* Assets.xcassets */; };
		BDD3D0E81D7ACF5D009AE387 /* LaunchScreen.storyboard in Resources */ = {isa = PBXBuildFile; fileRef = BDD3D0E61D7ACF5D009AE387 /* LaunchScreen.storyboard */; };
		BDD3D0F31D7ACF5D009AE387 /* _3_LoginAnimationTests.swift in Sources */ = {isa = PBXBuildFile; fileRef = BDD3D0F21D7ACF5D009AE387 /* _3_LoginAnimationTests.swift */; };
		BDD3D0FE1D7ACF5D009AE387 /* _3_LoginAnimationUITests.swift in Sources */ = {isa = PBXBuildFile; fileRef = BDD3D0FD1D7ACF5D009AE387 /* _3_LoginAnimationUITests.swift */; };
		BDD3D10C1D7AD26E009AE387 /* XFLoginViewController.swift in Sources */ = {isa = PBXBuildFile; fileRef = BDD3D10B1D7AD26E009AE387 /* XFLoginViewController.swift */; };
/* End PBXBuildFile section */

/* Begin PBXContainerItemProxy section */
		BDD3D0EF1D7ACF5D009AE387 /* PBXContainerItemProxy */ = {
			isa = PBXContainerItemProxy;
			containerPortal = BDD3D0D21D7ACF5C009AE387 /* Project object */;
			proxyType = 1;
			remoteGlobalIDString = BDD3D0D91D7ACF5C009AE387;
			remoteInfo = "03-LoginAnimation";
		};
		BDD3D0FA1D7ACF5D009AE387 /* PBXContainerItemProxy */ = {
			isa = PBXContainerItemProxy;
			containerPortal = BDD3D0D21D7ACF5C009AE387 /* Project object */;
			proxyType = 1;
			remoteGlobalIDString = BDD3D0D91D7ACF5C009AE387;
			remoteInfo = "03-LoginAnimation";
		};
/* End PBXContainerItemProxy section */

/* Begin PBXFileReference section */
		BDD3D0DA1D7ACF5D009AE387 /* 03-LoginAnimation.app */ = {isa = PBXFileReference; explicitFileType = wrapper.application; includeInIndex = 0; path = "03-LoginAnimation.app"; sourceTree = BUILT_PRODUCTS_DIR; };
		BDD3D0DD1D7ACF5D009AE387 /* AppDelegate.swift */ = {isa = PBXFileReference; lastKnownFileType = sourcecode.swift; path = AppDelegate.swift; sourceTree = "<group>"; };
		BDD3D0DF1D7ACF5D009AE387 /* ViewController.swift */ = {isa = PBXFileReference; lastKnownFileType = sourcecode.swift; path = ViewController.swift; sourceTree = "<group>"; };
		BDD3D0E21D7ACF5D009AE387 /* Base */ = {isa = PBXFileReference; lastKnownFileType = file.storyboard; name = Base; path = Base.lproj/Main.storyboard; sourceTree = "<group>"; };
		BDD3D0E41D7ACF5D009AE387 /* Assets.xcassets */ = {isa = PBXFileReference; lastKnownFileType = folder.assetcatalog; path = Assets.xcassets; sourceTree = "<group>"; };
		BDD3D0E71D7ACF5D009AE387 /* Base */ = {isa = PBXFileReference; lastKnownFileType = file.storyboard; name = Base; path = Base.lproj/LaunchScreen.storyboard; sourceTree = "<group>"; };
		BDD3D0E91D7ACF5D009AE387 /* Info.plist */ = {isa = PBXFileReference; lastKnownFileType = text.plist.xml; path = Info.plist; sourceTree = "<group>"; };
		BDD3D0EE1D7ACF5D009AE387 /* 03-LoginAnimationTests.xctest */ = {isa = PBXFileReference; explicitFileType = wrapper.cfbundle; includeInIndex = 0; path = "03-LoginAnimationTests.xctest"; sourceTree = BUILT_PRODUCTS_DIR; };
		BDD3D0F21D7ACF5D009AE387 /* _3_LoginAnimationTests.swift */ = {isa = PBXFileReference; lastKnownFileType = sourcecode.swift; path = _3_LoginAnimationTests.swift; sourceTree = "<group>"; };
		BDD3D0F41D7ACF5D009AE387 /* Info.plist */ = {isa = PBXFileReference; lastKnownFileType = text.plist.xml; path = Info.plist; sourceTree = "<group>"; };
		BDD3D0F91D7ACF5D009AE387 /* 03-LoginAnimationUITests.xctest */ = {isa = PBXFileReference; explicitFileType = wrapper.cfbundle; includeInIndex = 0; path = "03-LoginAnimationUITests.xctest"; sourceTree = BUILT_PRODUCTS_DIR; };
		BDD3D0FD1D7ACF5D009AE387 /* _3_LoginAnimationUITests.swift */ = {isa = PBXFileReference; lastKnownFileType = sourcecode.swift; path = _3_LoginAnimationUITests.swift; sourceTree = "<group>"; };
		BDD3D0FF1D7ACF5D009AE387 /* Info.plist */ = {isa = PBXFileReference; lastKnownFileType = text.plist.xml; path = Info.plist; sourceTree = "<group>"; };
		BDD3D10B1D7AD26E009AE387 /* XFLoginViewController.swift */ = {isa = PBXFileReference; fileEncoding = 4; lastKnownFileType = sourcecode.swift; path = XFLoginViewController.swift; sourceTree = "<group>"; };
/* End PBXFileReference section */

/* Begin PBXFrameworksBuildPhase section */
		BDD3D0D71D7ACF5C009AE387 /* Frameworks */ = {
			isa = PBXFrameworksBuildPhase;
			buildActionMask = 2147483647;
			files = (
			);
			runOnlyForDeploymentPostprocessing = 0;
		};
		BDD3D0EB1D7ACF5D009AE387 /* Frameworks */ = {
			isa = PBXFrameworksBuildPhase;
			buildActionMask = 2147483647;
			files = (
			);
			runOnlyForDeploymentPostprocessing = 0;
		};
		BDD3D0F61D7ACF5D009AE387 /* Frameworks */ = {
			isa = PBXFrameworksBuildPhase;
			buildActionMask = 2147483647;
			files = (
			);
			runOnlyForDeploymentPostprocessing = 0;
		};
/* End PBXFrameworksBuildPhase section */

/* Begin PBXGroup section */
		BDD3D0D11D7ACF5C009AE387 = {
			isa = PBXGroup;
			children = (
				BDD3D0DC1D7ACF5D009AE387 /* 03-LoginAnimation */,
				BDD3D0F11D7ACF5D009AE387 /* 03-LoginAnimationTests */,
				BDD3D0FC1D7ACF5D009AE387 /* 03-LoginAnimationUITests */,
				BDD3D0DB1D7ACF5D009AE387 /* Products */,
			);
			sourceTree = "<group>";
		};
		BDD3D0DB1D7ACF5D009AE387 /* Products */ = {
			isa = PBXGroup;
			children = (
				BDD3D0DA1D7ACF5D009AE387 /* 03-LoginAnimation.app */,
				BDD3D0EE1D7ACF5D009AE387 /* 03-LoginAnimationTests.xctest */,
				BDD3D0F91D7ACF5D009AE387 /* 03-LoginAnimationUITests.xctest */,
			);
			name = Products;
			sourceTree = "<group>";
		};
		BDD3D0DC1D7ACF5D009AE387 /* 03-LoginAnimation */ = {
			isa = PBXGroup;
			children = (
				BDD3D0DD1D7ACF5D009AE387 /* AppDelegate.swift */,
				BDD3D0DF1D7ACF5D009AE387 /* ViewController.swift */,
				BDD3D10B1D7AD26E009AE387 /* XFLoginViewController.swift */,
				BDD3D0E11D7ACF5D009AE387 /* Main.storyboard */,
				BDD3D0E41D7ACF5D009AE387 /* Assets.xcassets */,
				BDD3D0E61D7ACF5D009AE387 /* LaunchScreen.storyboard */,
				BDD3D0E91D7ACF5D009AE387 /* Info.plist */,
			);
			path = "03-LoginAnimation";
			sourceTree = "<group>";
		};
		BDD3D0F11D7ACF5D009AE387 /* 03-LoginAnimationTests */ = {
			isa = PBXGroup;
			children = (
				BDD3D0F21D7ACF5D009AE387 /* _3_LoginAnimationTests.swift */,
				BDD3D0F41D7ACF5D009AE387 /* Info.plist */,
			);
			path = "03-LoginAnimationTests";
			sourceTree = "<group>";
		};
		BDD3D0FC1D7ACF5D009AE387 /* 03-LoginAnimationUITests */ = {
			isa = PBXGroup;
			children = (
				BDD3D0FD1D7ACF5D009AE387 /* _3_LoginAnimationUITests.swift */,
				BDD3D0FF1D7ACF5D009AE387 /* Info.plist */,
			);
			path = "03-LoginAnimationUITests";
			sourceTree = "<group>";
		};
/* End PBXGroup section */

/* Begin PBXNativeTarget section */
		BDD3D0D91D7ACF5C009AE387 /* 03-LoginAnimation */ = {
			isa = PBXNativeTarget;
			buildConfigurationList = BDD3D1021D7ACF5D009AE387 /* Build configuration list for PBXNativeTarget "03-LoginAnimation" */;
			buildPhases = (
				BDD3D0D61D7ACF5C009AE387 /* Sources */,
				BDD3D0D71D7ACF5C009AE387 /* Frameworks */,
				BDD3D0D81D7ACF5C009AE387 /* Resources */,
			);
			buildRules = (
			);
			dependencies = (
			);
			name = "03-LoginAnimation";
			productName = "03-LoginAnimation";
			productReference = BDD3D0DA1D7ACF5D009AE387 /* 03-LoginAnimation.app */;
			productType = "com.apple.product-type.application";
		};
		BDD3D0ED1D7ACF5D009AE387 /* 03-LoginAnimationTests */ = {
			isa = PBXNativeTarget;
			buildConfigurationList = BDD3D1051D7ACF5D009AE387 /* Build configuration list for PBXNativeTarget "03-LoginAnimationTests" */;
			buildPhases = (
				BDD3D0EA1D7ACF5D009AE387 /* Sources */,
				BDD3D0EB1D7ACF5D009AE387 /* Frameworks */,
				BDD3D0EC1D7ACF5D009AE387 /* Resources */,
			);
			buildRules = (
			);
			dependencies = (
				BDD3D0F01D7ACF5D009AE387 /* PBXTargetDependency */,
			);
			name = "03-LoginAnimationTests";
			productName = "03-LoginAnimationTests";
			productReference = BDD3D0EE1D7ACF5D009AE387 /* 03-LoginAnimationTests.xctest */;
			productType = "com.apple.product-type.bundle.unit-test";
		};
		BDD3D0F81D7ACF5D009AE387 /* 03-LoginAnimationUITests */ = {
			isa = PBXNativeTarget;
			buildConfigurationList = BDD3D1081D7ACF5D009AE387 /* Build configuration list for PBXNativeTarget "03-LoginAnimationUITests" */;
			buildPhases = (
				BDD3D0F51D7ACF5D009AE387 /* Sources */,
				BDD3D0F61D7ACF5D009AE387 /* Frameworks */,
				BDD3D0F71D7ACF5D009AE387 /* Resources */,
			);
			buildRules = (
			);
			dependencies = (
				BDD3D0FB1D7ACF5D009AE387 /* PBXTargetDependency */,
			);
			name = "03-LoginAnimationUITests";
			productName = "03-LoginAnimationUITests";
			productReference = BDD3D0F91D7ACF5D009AE387 /* 03-LoginAnimationUITests.xctest */;
			productType = "com.apple.product-type.bundle.ui-testing";
		};
/* End PBXNativeTarget section */

/* Begin PBXProject section */
		BDD3D0D21D7ACF5C009AE387 /* Project object */ = {
			isa = PBXProject;
			attributes = {
				LastSwiftUpdateCheck = 0720;
				LastUpgradeCheck = 0800;
				ORGANIZATIONNAME = xiaofan;
				TargetAttributes = {
					BDD3D0D91D7ACF5C009AE387 = {
						CreatedOnToolsVersion = 7.2.1;
						LastSwiftMigration = 0800;
					};
					BDD3D0ED1D7ACF5D009AE387 = {
						CreatedOnToolsVersion = 7.2.1;
						LastSwiftMigration = 0800;
						TestTargetID = BDD3D0D91D7ACF5C009AE387;
					};
					BDD3D0F81D7ACF5D009AE387 = {
						CreatedOnToolsVersion = 7.2.1;
						LastSwiftMigration = 0800;
						TestTargetID = BDD3D0D91D7ACF5C009AE387;
					};
				};
			};
			buildConfigurationList = BDD3D0D51D7ACF5C009AE387 /* Build configuration list for PBXProject "03-LoginAnimation" */;
			compatibilityVersion = "Xcode 3.2";
			developmentRegion = English;
			hasScannedForEncodings = 0;
			knownRegions = (
				en,
				Base,
			);
			mainGroup = BDD3D0D11D7ACF5C009AE387;
			productRefGroup = BDD3D0DB1D7ACF5D009AE387 /* Products */;
			projectDirPath = "";
			projectRoot = "";
			targets = (
				BDD3D0D91D7ACF5C009AE387 /* 03-LoginAnimation */,
				BDD3D0ED1D7ACF5D009AE387 /* 03-LoginAnimationTests */,
				BDD3D0F81D7ACF5D009AE387 /* 03-LoginAnimationUITests */,
			);
		};
/* End PBXProject section */

/* Begin PBXResourcesBuildPhase section */
		BDD3D0D81D7ACF5C009AE387 /* Resources */ = {
			isa = PBXResourcesBuildPhase;
			buildActionMask = 2147483647;
			files = (
				BDD3D0E81D7ACF5D009AE387 /* LaunchScreen.storyboard in Resources */,
				BDD3D0E51D7ACF5D009AE387 /* Assets.xcassets in Resources */,
				BDD3D0E31D7ACF5D009AE387 /* Main.storyboard in Resources */,
			);
			runOnlyForDeploymentPostprocessing = 0;
		};
		BDD3D0EC1D7ACF5D009AE387 /* Resources */ = {
			isa = PBXResourcesBuildPhase;
			buildActionMask = 2147483647;
			files = (
			);
			runOnlyForDeploymentPostprocessing = 0;
		};
		BDD3D0F71D7ACF5D009AE387 /* Resources */ = {
			isa = PBXResourcesBuildPhase;
			buildActionMask = 2147483647;
			files = (
			);
			runOnlyForDeploymentPostprocessing = 0;
		};
/* End PBXResourcesBuildPhase section */

/* Begin PBXSourcesBuildPhase section */
		BDD3D0D61D7ACF5C009AE387 /* Sources */ = {
			isa = PBXSourcesBuildPhase;
			buildActionMask = 2147483647;
			files = (
				BDD3D10C1D7AD26E009AE387 /* XFLoginViewController.swift in Sources */,
				BDD3D0E01D7ACF5D009AE387 /* ViewController.swift in Sources */,
				BDD3D0DE1D7ACF5D009AE387 /* AppDelegate.swift in Sources */,
			);
			runOnlyForDeploymentPostprocessing = 0;
		};
		BDD3D0EA1D7ACF5D009AE387 /* Sources */ = {
			isa = PBXSourcesBuildPhase;
			buildActionMask = 2147483647;
			files = (
				BDD3D0F31D7ACF5D009AE387 /* _3_LoginAnimationTests.swift in Sources */,
			);
			runOnlyForDeploymentPostprocessing = 0;
		};
		BDD3D0F51D7ACF5D009AE387 /* Sources */ = {
			isa = PBXSourcesBuildPhase;
			buildActionMask = 2147483647;
			files = (
				BDD3D0FE1D7ACF5D009AE387 /* _3_LoginAnimationUITests.swift in Sources */,
			);
			runOnlyForDeploymentPostprocessing = 0;
		};
/* End PBXSourcesBuildPhase section */

/* Begin PBXTargetDependency section */
		BDD3D0F01D7ACF5D009AE387 /* PBXTargetDependency */ = {
			isa = PBXTargetDependency;
			target = BDD3D0D91D7ACF5C009AE387 /* 03-LoginAnimation */;
			targetProxy = BDD3D0EF1D7ACF5D009AE387 /* PBXContainerItemProxy */;
		};
		BDD3D0FB1D7ACF5D009AE387 /* PBXTargetDependency */ = {
			isa = PBXTargetDependency;
			target = BDD3D0D91D7ACF5C009AE387 /* 03-LoginAnimation */;
			targetProxy = BDD3D0FA1D7ACF5D009AE387 /* PBXContainerItemProxy */;
		};
/* End PBXTargetDependency section */

/* Begin PBXVariantGroup section */
		BDD3D0E11D7ACF5D009AE387 /* Main.storyboard */ = {
			isa = PBXVariantGroup;
			children = (
				BDD3D0E21D7ACF5D009AE387 /* Base */,
			);
			name = Main.storyboard;
			sourceTree = "<group>";
		};
		BDD3D0E61D7ACF5D009AE387 /* LaunchScreen.storyboard */ = {
			isa = PBXVariantGroup;
			children = (
				BDD3D0E71D7ACF5D009AE387 /* Base */,
			);
			name = LaunchScreen.storyboard;
			sourceTree = "<group>";
		};
/* End PBXVariantGroup section */

/* Begin XCBuildConfiguration section */
		BDD3D1001D7ACF5D009AE387 /* Debug */ = {
			isa = XCBuildConfiguration;
			buildSettings = {
				ALWAYS_SEARCH_USER_PATHS = NO;
				CLANG_CXX_LANGUAGE_STANDARD = "gnu++0x";
				CLANG_CXX_LIBRARY = "libc++";
				CLANG_ENABLE_MODULES = YES;
				CLANG_ENABLE_OBJC_ARC = YES;
				CLANG_WARN_BOOL_CONVERSION = YES;
				CLANG_WARN_CONSTANT_CONVERSION = YES;
				CLANG_WARN_DIRECT_OBJC_ISA_USAGE = YES_ERROR;
				CLANG_WARN_EMPTY_BODY = YES;
				CLANG_WARN_ENUM_CONVERSION = YES;
				CLANG_WARN_INFINITE_RECURSION = YES;
				CLANG_WARN_INT_CONVERSION = YES;
				CLANG_WARN_OBJC_ROOT_CLASS = YES_ERROR;
				CLANG_WARN_SUSPICIOUS_MOVE = YES;
				CLANG_WARN_UNREACHABLE_CODE = YES;
				CLANG_WARN__DUPLICATE_METHOD_MATCH = YES;
				"CODE_SIGN_IDENTITY[sdk=iphoneos*]" = "iPhone Developer";
				COPY_PHASE_STRIP = NO;
				DEBUG_INFORMATION_FORMAT = dwarf;
				ENABLE_STRICT_OBJC_MSGSEND = YES;
				ENABLE_TESTABILITY = YES;
				GCC_C_LANGUAGE_STANDARD = gnu99;
				GCC_DYNAMIC_NO_PIC = NO;
				GCC_NO_COMMON_BLOCKS = YES;
				GCC_OPTIMIZATION_LEVEL = 0;
				GCC_PREPROCESSOR_DEFINITIONS = (
					"DEBUG=1",
					"$(inherited)",
				);
				GCC_WARN_64_TO_32_BIT_CONVERSION = YES;
				GCC_WARN_ABOUT_RETURN_TYPE = YES_ERROR;
				GCC_WARN_UNDECLARED_SELECTOR = YES;
				GCC_WARN_UNINITIALIZED_AUTOS = YES_AGGRESSIVE;
				GCC_WARN_UNUSED_FUNCTION = YES;
				GCC_WARN_UNUSED_VARIABLE = YES;
				IPHONEOS_DEPLOYMENT_TARGET = 9.2;
				MTL_ENABLE_DEBUG_INFO = YES;
				ONLY_ACTIVE_ARCH = YES;
				SDKROOT = iphoneos;
				SWIFT_OPTIMIZATION_LEVEL = "-Onone";
			};
			name = Debug;
		};
		BDD3D1011D7ACF5D009AE387 /* Release */ = {
			isa = XCBuildConfiguration;
			buildSettings = {
				ALWAYS_SEARCH_USER_PATHS = NO;
				CLANG_CXX_LANGUAGE_STANDARD = "gnu++0x";
				CLANG_CXX_LIBRARY = "libc++";
				CLANG_ENABLE_MODULES = YES;
				CLANG_ENABLE_OBJC_ARC = YES;
				CLANG_WARN_BOOL_CONVERSION = YES;
				CLANG_WARN_CONSTANT_CONVERSION = YES;
				CLANG_WARN_DIRECT_OBJC_ISA_USAGE = YES_ERROR;
				CLANG_WARN_EMPTY_BODY = YES;
				CLANG_WARN_ENUM_CONVERSION = YES;
				CLANG_WARN_INFINITE_RECURSION = YES;
				CLANG_WARN_INT_CONVERSION = YES;
				CLANG_WARN_OBJC_ROOT_CLASS = YES_ERROR;
				CLANG_WARN_SUSPICIOUS_MOVE = YES;
				CLANG_WARN_UNREACHABLE_CODE = YES;
				CLANG_WARN__DUPLICATE_METHOD_MATCH = YES;
				"CODE_SIGN_IDENTITY[sdk=iphoneos*]" = "iPhone Developer";
				COPY_PHASE_STRIP = NO;
				DEBUG_INFORMATION_FORMAT = "dwarf-with-dsym";
				ENABLE_NS_ASSERTIONS = NO;
				ENABLE_STRICT_OBJC_MSGSEND = YES;
				GCC_C_LANGUAGE_STANDARD = gnu99;
				GCC_NO_COMMON_BLOCKS = YES;
				GCC_WARN_64_TO_32_BIT_CONVERSION = YES;
				GCC_WARN_ABOUT_RETURN_TYPE = YES_ERROR;
				GCC_WARN_UNDECLARED_SELECTOR = YES;
				GCC_WARN_UNINITIALIZED_AUTOS = YES_AGGRESSIVE;
				GCC_WARN_UNUSED_FUNCTION = YES;
				GCC_WARN_UNUSED_VARIABLE = YES;
				IPHONEOS_DEPLOYMENT_TARGET = 9.2;
				MTL_ENABLE_DEBUG_INFO = NO;
				SDKROOT = iphoneos;
				SWIFT_OPTIMIZATION_LEVEL = "-Owholemodule";
				VALIDATE_PRODUCT = YES;
			};
			name = Release;
		};
		BDD3D1031D7ACF5D009AE387 /* Debug */ = {
			isa = XCBuildConfiguration;
			buildSettings = {
				ASSETCATALOG_COMPILER_APPICON_NAME = AppIcon;
				INFOPLIST_FILE = "03-LoginAnimation/Info.plist";
				LD_RUNPATH_SEARCH_PATHS = "$(inherited) @executable_path/Frameworks";
				PRODUCT_BUNDLE_IDENTIFIER = "com.dvxiaofan.-3-LoginAnimation";
				PRODUCT_NAME = "$(TARGET_NAME)";
				SWIFT_VERSION = 3.0;
			};
			name = Debug;
		};
		BDD3D1041D7ACF5D009AE387 /* Release */ = {
			isa = XCBuildConfiguration;
			buildSettings = {
				ASSETCATALOG_COMPILER_APPICON_NAME = AppIcon;
				INFOPLIST_FILE = "03-LoginAnimation/Info.plist";
				LD_RUNPATH_SEARCH_PATHS = "$(inherited) @executable_path/Frameworks";
				PRODUCT_BUNDLE_IDENTIFIER = "com.dvxiaofan.-3-LoginAnimation";
				PRODUCT_NAME = "$(TARGET_NAME)";
				SWIFT_VERSION = 3.0;
			};
			name = Release;
		};
		BDD3D1061D7ACF5D009AE387 /* Debug */ = {
			isa = XCBuildConfiguration;
			buildSettings = {
				BUNDLE_LOADER = "$(TEST_HOST)";
				INFOPLIST_FILE = "03-LoginAnimationTests/Info.plist";
				LD_RUNPATH_SEARCH_PATHS = "$(inherited) @executable_path/Frameworks @loader_path/Frameworks";
				PRODUCT_BUNDLE_IDENTIFIER = "com.dvxiaofan.-3-LoginAnimationTests";
				PRODUCT_NAME = "$(TARGET_NAME)";
				SWIFT_VERSION = 3.0;
				TEST_HOST = "$(BUILT_PRODUCTS_DIR)/03-LoginAnimation.app/03-LoginAnimation";
			};
			name = Debug;
		};
		BDD3D1071D7ACF5D009AE387 /* Release */ = {
			isa = XCBuildConfiguration;
			buildSettings = {
				BUNDLE_LOADER = "$(TEST_HOST)";
				INFOPLIST_FILE = "03-LoginAnimationTests/Info.plist";
				LD_RUNPATH_SEARCH_PATHS = "$(inherited) @executable_path/Frameworks @loader_path/Frameworks";
				PRODUCT_BUNDLE_IDENTIFIER = "com.dvxiaofan.-3-LoginAnimationTests";
				PRODUCT_NAME = "$(TARGET_NAME)";
				SWIFT_VERSION = 3.0;
				TEST_HOST = "$(BUILT_PRODUCTS_DIR)/03-LoginAnimation.app/03-LoginAnimation";
			};
			name = Release;
		};
		BDD3D1091D7ACF5D009AE387 /* Debug */ = {
			isa = XCBuildConfiguration;
			buildSettings = {
				INFOPLIST_FILE = "03-LoginAnimationUITests/Info.plist";
				LD_RUNPATH_SEARCH_PATHS = "$(inherited) @executable_path/Frameworks @loader_path/Frameworks";
				PRODUCT_BUNDLE_IDENTIFIER = "com.dvxiaofan.-3-LoginAnimationUITests";
				PRODUCT_NAME = "$(TARGET_NAME)";
				SWIFT_VERSION = 3.0;
				TEST_TARGET_NAME = "03-LoginAnimation";
				USES_XCTRUNNER = YES;
			};
			name = Debug;
		};
		BDD3D10A1D7ACF5D009AE387 /* Release */ = {
			isa = XCBuildConfiguration;
			buildSettings = {
				INFOPLIST_FILE = "03-LoginAnimationUITests/Info.plist";
				LD_RUNPATH_SEARCH_PATHS = "$(inherited) @executable_path/Frameworks @loader_path/Frameworks";
				PRODUCT_BUNDLE_IDENTIFIER = "com.dvxiaofan.-3-LoginAnimationUITests";
				PRODUCT_NAME = "$(TARGET_NAME)";
				SWIFT_VERSION = 3.0;
				TEST_TARGET_NAME = "03-LoginAnimation";
				USES_XCTRUNNER = YES;
			};
			name = Release;
		};
/* End XCBuildConfiguration section */

/* Begin XCConfigurationList section */
		BDD3D0D51D7ACF5C009AE387 /* Build configuration list for PBXProject "03-LoginAnimation" */ = {
			isa = XCConfigurationList;
			buildConfigurations = (
				BDD3D1001D7ACF5D009AE387 /* Debug */,
				BDD3D1011D7ACF5D009AE387 /* Release */,
			);
			defaultConfigurationIsVisible = 0;
			defaultConfigurationName = Release;
		};
		BDD3D1021D7ACF5D009AE387 /* Build configuration list for PBXNativeTarget "03-LoginAnimation" */ = {
			isa = XCConfigurationList;
			buildConfigurations = (
				BDD3D1031D7ACF5D009AE387 /* Debug */,
				BDD3D1041D7ACF5D009AE387 /* Release */,
			);
			defaultConfigurationIsVisible = 0;
			defaultConfigurationName = Release;
		};
		BDD3D1051D7ACF5D009AE387 /* Build configuration list for PBXNativeTarget "03-LoginAnimationTests" */ = {
			isa = XCConfigurationList;
			buildConfigurations = (
				BDD3D1061D7ACF5D009AE387 /* Debug */,
				BDD3D1071D7ACF5D009AE387 /* Release */,
			);
			defaultConfigurationIsVisible = 0;
			defaultConfigurationName = Release;
		};
		BDD3D1081D7ACF5D009AE387 /* Build configuration list for PBXNativeTarget "03-LoginAnimationUITests" */ = {
			isa = XCConfigurationList;
			buildConfigurations = (
				BDD3D1091D7ACF5D009AE387 /* Debug */,
				BDD3D10A1D7ACF5D009AE387 /* Release */,
			);
			defaultConfigurationIsVisible = 0;
			defaultConfigurationName = Release;
		};
/* End XCConfigurationList section */
	};
	rootObject = BDD3D0D21D7ACF5C009AE387 /* Project object */;
}
